
Microsoft Visual Studio Solution File, Format Version 12.00
# Visual Studio Version 16
VisualStudioVersion = 16.0.31624.102
MinimumVisualStudioVersion = 10.0.40219.1
Project("{FAE04EC0-301F-11D3-BF4B-00C04F79EFBC}") = "ThisisCShop", "ThisisCShop\ThisisCShop.csproj", "{4CA8AA4F-E20E-43F9-958C-123F1974D696}"
EndProject
Global
	GlobalSection(SolutionConfigurationPlatforms) = preSolution
		Debug|Any CPU = Debug|Any CPU
		Release|Any CPU = Release|Any CPU
	EndGlobalSection
	GlobalSection(ProjectConfigurationPlatforms) = postSolution
		{4CA8AA4F-E20E-43F9-958C-123F1974D696}.Debug|Any CPU.ActiveCfg = Debug|Any CPU
		{4CA8AA4F-E20E-43F9-958C-123F1974D696}.Debug|Any CPU.Build.0 = Debug|Any CPU
		{4CA8AA4F-E20E-43F9-958C-123F1974D696}.Release|Any CPU.ActiveCfg = Release|Any CPU
		{4CA8AA4F-E20E-43F9-958C-123F1974D696}.Release|Any CPU.Build.0 = Release|Any CPU
	EndGlobalSection
	GlobalSection(SolutionProperties) = preSolution
		HideSolutionNode = FALSE
	EndGlobalSection
	GlobalSection(ExtensibilityGlobals) = postSolution
		SolutionGuid = {02145255-BE27-4563-A8A2-7718550D65F8}
	EndGlobalSection
EndGlobal
